// !$*UTF8*$!
{
	archiveVersion = 1;
	classes = {
	};
	objectVersion = 56;
	objects = {

/* Begin PBXBuildFile section */
		0F04D48E2C05A67C006E8D20 /* NoFriendView.swift in Sources */ = {isa = PBXBuildFile; fileRef = 0F04D48D2C05A67C006E8D20 /* NoFriendView.swift */; };
		0F04D4922C061F2D006E8D20 /* FriendTableViewCellWithStatus1.swift in Sources */ = {isa = PBXBuildFile; fileRef = 0F04D4912C061F2D006E8D20 /* FriendTableViewCellWithStatus1.swift */; };
		0F04D4942C061F38006E8D20 /* InviteTableViewCell.swift in Sources */ = {isa = PBXBuildFile; fileRef = 0F04D4932C061F38006E8D20 /* InviteTableViewCell.swift */; };
		0F04D4992C06256B006E8D20 /* APIManager.swift in Sources */ = {isa = PBXBuildFile; fileRef = 0F04D4982C06256B006E8D20 /* APIManager.swift */; };
		0F04D49C2C0639C4006E8D20 /* User.swift in Sources */ = {isa = PBXBuildFile; fileRef = 0F04D49B2C0639C4006E8D20 /* User.swift */; };
		0F04D49F2C070471006E8D20 /* Content.swift in Sources */ = {isa = PBXBuildFile; fileRef = 0F04D49E2C070471006E8D20 /* Content.swift */; };
		0F04D4A22C070CBC006E8D20 /* SelectStateViewController.swift in Sources */ = {isa = PBXBuildFile; fileRef = 0F04D4A12C070CBC006E8D20 /* SelectStateViewController.swift */; };
		0F04D4A42C073BCD006E8D20 /* Friends.swift in Sources */ = {isa = PBXBuildFile; fileRef = 0F04D4A32C073BCD006E8D20 /* Friends.swift */; };
		0F04D4A62C08860B006E8D20 /* FriendTableViewHeader.swift in Sources */ = {isa = PBXBuildFile; fileRef = 0F04D4A52C08860B006E8D20 /* FriendTableViewHeader.swift */; };
		0F5DCA592C03A86D00EC99D8 /* BadgeView.swift in Sources */ = {isa = PBXBuildFile; fileRef = 0F5DCA582C03A86D00EC99D8 /* BadgeView.swift */; };
		0F74475A2BFF3DF900BF2793 /* AppDelegate.swift in Sources */ = {isa = PBXBuildFile; fileRef = 0F7447592BFF3DF900BF2793 /* AppDelegate.swift */; };
		0F74475C2BFF3DF900BF2793 /* SceneDelegate.swift in Sources */ = {isa = PBXBuildFile; fileRef = 0F74475B2BFF3DF900BF2793 /* SceneDelegate.swift */; };
		0F74475E2BFF3DF900BF2793 /* FriendViewController.swift in Sources */ = {isa = PBXBuildFile; fileRef = 0F74475D2BFF3DF900BF2793 /* FriendViewController.swift */; };
		0F7447632BFF3E0400BF2793 /* Assets.xcassets in Resources */ = {isa = PBXBuildFile; fileRef = 0F7447622BFF3E0400BF2793 /* Assets.xcassets */; };
		0F7447662BFF3E0400BF2793 /* LaunchScreen.storyboard in Resources */ = {isa = PBXBuildFile; fileRef = 0F7447642BFF3E0400BF2793 /* LaunchScreen.storyboard */; };
		0F74476F2BFF3EFD00BF2793 /* SnapKit in Frameworks */ = {isa = PBXBuildFile; productRef = 0F74476E2BFF3EFD00BF2793 /* SnapKit */; };
		0F7447712BFF3EFD00BF2793 /* SnapKit-Dynamic in Frameworks */ = {isa = PBXBuildFile; productRef = 0F7447702BFF3EFD00BF2793 /* SnapKit-Dynamic */; };
		0F7447742BFF3F0500BF2793 /* CombineCocoa in Frameworks */ = {isa = PBXBuildFile; productRef = 0F7447732BFF3F0500BF2793 /* CombineCocoa */; };
		0F74477C2BFF50DC00BF2793 /* FriendView.swift in Sources */ = {isa = PBXBuildFile; fileRef = 0F74477B2BFF50DC00BF2793 /* FriendView.swift */; };
		0F74477E2BFF50E100BF2793 /* FriendViewModel.swift in Sources */ = {isa = PBXBuildFile; fileRef = 0F74477D2BFF50E100BF2793 /* FriendViewModel.swift */; };
		0F8F1E0E2C02562400E6C27B /* PingFangTC-Medium.otf in Resources */ = {isa = PBXBuildFile; fileRef = 0F8F1E0D2C02562400E6C27B /* PingFangTC-Medium.otf */; };
		0F8F1E102C0257BA00E6C27B /* PingFangTC-Regular.otf in Resources */ = {isa = PBXBuildFile; fileRef = 0F8F1E0F2C0257BA00E6C27B /* PingFangTC-Regular.otf */; };
		0F9DABAF2C09A70A008808A1 /* FriendTableViewCellWithStatus2.swift in Sources */ = {isa = PBXBuildFile; fileRef = 0F9DABAE2C09A70A008808A1 /* FriendTableViewCellWithStatus2.swift */; };
		0F9DABB12C09CA3E008808A1 /* FriendTableViewHeaderViewModel.swift in Sources */ = {isa = PBXBuildFile; fileRef = 0F9DABB02C09CA3E008808A1 /* FriendTableViewHeaderViewModel.swift */; };
		0FCC70A92C04F5D300C0FC9F /* PaddingLabel.swift in Sources */ = {isa = PBXBuildFile; fileRef = 0FCC70A82C04F5D300C0FC9F /* PaddingLabel.swift */; };
		0FDD877D2C025039001D4ADF /* UIColor+.swift in Sources */ = {isa = PBXBuildFile; fileRef = 0FDD877C2C025039001D4ADF /* UIColor+.swift */; };
		0FDD877F2C025150001D4ADF /* UIView+.swift in Sources */ = {isa = PBXBuildFile; fileRef = 0FDD877E2C025150001D4ADF /* UIView+.swift */; };
/* End PBXBuildFile section */

/* Begin PBXFileReference section */
		0F04D48D2C05A67C006E8D20 /* NoFriendView.swift */ = {isa = PBXFileReference; lastKnownFileType = sourcecode.swift; path = NoFriendView.swift; sourceTree = "<group>"; };
		0F04D4912C061F2D006E8D20 /* FriendTableViewCellWithStatus1.swift */ = {isa = PBXFileReference; lastKnownFileType = sourcecode.swift; path = FriendTableViewCellWithStatus1.swift; sourceTree = "<group>"; };
		0F04D4932C061F38006E8D20 /* InviteTableViewCell.swift */ = {isa = PBXFileReference; lastKnownFileType = sourcecode.swift; path = InviteTableViewCell.swift; sourceTree = "<group>"; };
		0F04D4982C06256B006E8D20 /* APIManager.swift */ = {isa = PBXFileReference; lastKnownFileType = sourcecode.swift; path = APIManager.swift; sourceTree = "<group>"; };
		0F04D49B2C0639C4006E8D20 /* User.swift */ = {isa = PBXFileReference; lastKnownFileType = sourcecode.swift; path = User.swift; sourceTree = "<group>"; };
		0F04D49E2C070471006E8D20 /* Content.swift */ = {isa = PBXFileReference; lastKnownFileType = sourcecode.swift; path = Content.swift; sourceTree = "<group>"; };
		0F04D4A12C070CBC006E8D20 /* SelectStateViewController.swift */ = {isa = PBXFileReference; lastKnownFileType = sourcecode.swift; path = SelectStateViewController.swift; sourceTree = "<group>"; };
		0F04D4A32C073BCD006E8D20 /* Friends.swift */ = {isa = PBXFileReference; lastKnownFileType = sourcecode.swift; path = Friends.swift; sourceTree = "<group>"; };
		0F04D4A52C08860B006E8D20 /* FriendTableViewHeader.swift */ = {isa = PBXFileReference; lastKnownFileType = sourcecode.swift; path = FriendTableViewHeader.swift; sourceTree = "<group>"; };
		0F5DCA582C03A86D00EC99D8 /* BadgeView.swift */ = {isa = PBXFileReference; lastKnownFileType = sourcecode.swift; path = BadgeView.swift; sourceTree = "<group>"; };
		0F7447562BFF3DF900BF2793 /* Koko.app */ = {isa = PBXFileReference; explicitFileType = wrapper.application; includeInIndex = 0; path = Koko.app; sourceTree = BUILT_PRODUCTS_DIR; };
		0F7447592BFF3DF900BF2793 /* AppDelegate.swift */ = {isa = PBXFileReference; lastKnownFileType = sourcecode.swift; path = AppDelegate.swift; sourceTree = "<group>"; };
		0F74475B2BFF3DF900BF2793 /* SceneDelegate.swift */ = {isa = PBXFileReference; lastKnownFileType = sourcecode.swift; path = SceneDelegate.swift; sourceTree = "<group>"; };
		0F74475D2BFF3DF900BF2793 /* FriendViewController.swift */ = {isa = PBXFileReference; lastKnownFileType = sourcecode.swift; path = FriendViewController.swift; sourceTree = "<group>"; };
		0F7447622BFF3E0400BF2793 /* Assets.xcassets */ = {isa = PBXFileReference; lastKnownFileType = folder.assetcatalog; path = Assets.xcassets; sourceTree = "<group>"; };
		0F7447652BFF3E0400BF2793 /* Base */ = {isa = PBXFileReference; lastKnownFileType = file.storyboard; name = Base; path = Base.lproj/LaunchScreen.storyboard; sourceTree = "<group>"; };
		0F7447672BFF3E0400BF2793 /* Info.plist */ = {isa = PBXFileReference; lastKnownFileType = text.plist.xml; path = Info.plist; sourceTree = "<group>"; };
		0F74477B2BFF50DC00BF2793 /* FriendView.swift */ = {isa = PBXFileReference; lastKnownFileType = sourcecode.swift; path = FriendView.swift; sourceTree = "<group>"; };
		0F74477D2BFF50E100BF2793 /* FriendViewModel.swift */ = {isa = PBXFileReference; lastKnownFileType = sourcecode.swift; path = FriendViewModel.swift; sourceTree = "<group>"; };
		0F8F1E0D2C02562400E6C27B /* PingFangTC-Medium.otf */ = {isa = PBXFileReference; lastKnownFileType = file; path = "PingFangTC-Medium.otf"; sourceTree = "<group>"; };
		0F8F1E0F2C0257BA00E6C27B /* PingFangTC-Regular.otf */ = {isa = PBXFileReference; lastKnownFileType = file; path = "PingFangTC-Regular.otf"; sourceTree = "<group>"; };
		0F9DABAE2C09A70A008808A1 /* FriendTableViewCellWithStatus2.swift */ = {isa = PBXFileReference; lastKnownFileType = sourcecode.swift; path = FriendTableViewCellWithStatus2.swift; sourceTree = "<group>"; };
		0F9DABB02C09CA3E008808A1 /* FriendTableViewHeaderViewModel.swift */ = {isa = PBXFileReference; lastKnownFileType = sourcecode.swift; path = FriendTableViewHeaderViewModel.swift; sourceTree = "<group>"; };
		0FCC70A82C04F5D300C0FC9F /* PaddingLabel.swift */ = {isa = PBXFileReference; lastKnownFileType = sourcecode.swift; path = PaddingLabel.swift; sourceTree = "<group>"; };
		0FDD877C2C025039001D4ADF /* UIColor+.swift */ = {isa = PBXFileReference; fileEncoding = 4; lastKnownFileType = sourcecode.swift; path = "UIColor+.swift"; sourceTree = "<group>"; };
		0FDD877E2C025150001D4ADF /* UIView+.swift */ = {isa = PBXFileReference; lastKnownFileType = sourcecode.swift; path = "UIView+.swift"; sourceTree = "<group>"; };
/* End PBXFileReference section */

/* Begin PBXFrameworksBuildPhase section */
		0F7447532BFF3DF900BF2793 /* Frameworks */ = {
			isa = PBXFrameworksBuildPhase;
			buildActionMask = 2147483647;
			files = (
				0F74476F2BFF3EFD00BF2793 /* SnapKit in Frameworks */,
				0F7447742BFF3F0500BF2793 /* CombineCocoa in Frameworks */,
				0F7447712BFF3EFD00BF2793 /* SnapKit-Dynamic in Frameworks */,
			);
			runOnlyForDeploymentPostprocessing = 0;
		};
/* End PBXFrameworksBuildPhase section */

/* Begin PBXGroup section */
		0F04D48F2C061F0A006E8D20 /* Cell */ = {
			isa = PBXGroup;
			children = (
				0F04D4912C061F2D006E8D20 /* FriendTableViewCellWithStatus1.swift */,
				0F9DABAE2C09A70A008808A1 /* FriendTableViewCellWithStatus2.swift */,
				0F04D4932C061F38006E8D20 /* InviteTableViewCell.swift */,
				0F04D4A52C08860B006E8D20 /* FriendTableViewHeader.swift */,
			);
			path = Cell;
			sourceTree = "<group>";
		};
		0F04D4972C062562006E8D20 /* Manager */ = {
			isa = PBXGroup;
			children = (
				0F04D4982C06256B006E8D20 /* APIManager.swift */,
			);
			path = Manager;
			sourceTree = "<group>";
		};
		0F04D49A2C0639BB006E8D20 /* Models */ = {
			isa = PBXGroup;
			children = (
				0F04D49B2C0639C4006E8D20 /* User.swift */,
				0F04D4A32C073BCD006E8D20 /* Friends.swift */,
			);
			path = Models;
			sourceTree = "<group>";
		};
		0F74474D2BFF3DF900BF2793 = {
			isa = PBXGroup;
			children = (
				0F7447582BFF3DF900BF2793 /* Koko */,
				0F7447572BFF3DF900BF2793 /* Products */,
			);
			sourceTree = "<group>";
		};
		0F7447572BFF3DF900BF2793 /* Products */ = {
			isa = PBXGroup;
			children = (
				0F7447562BFF3DF900BF2793 /* Koko.app */,
			);
			name = Products;
			sourceTree = "<group>";
		};
		0F7447582BFF3DF900BF2793 /* Koko */ = {
			isa = PBXGroup;
			children = (
				0F7447752BFF42D800BF2793 /* Supporting File */,
				0F7447782BFF508100BF2793 /* Model */,
				0F7447762BFF507200BF2793 /* View */,
				0F7447772BFF507D00BF2793 /* ViewModel */,
			);
			path = Koko;
			sourceTree = "<group>";
		};
		0F7447752BFF42D800BF2793 /* Supporting File */ = {
			isa = PBXGroup;
			children = (
				0F7447592BFF3DF900BF2793 /* AppDelegate.swift */,
				0F74475B2BFF3DF900BF2793 /* SceneDelegate.swift */,
				0F7447622BFF3E0400BF2793 /* Assets.xcassets */,
				0F7447672BFF3E0400BF2793 /* Info.plist */,
				0F8F1E0D2C02562400E6C27B /* PingFangTC-Medium.otf */,
				0F8F1E0F2C0257BA00E6C27B /* PingFangTC-Regular.otf */,
			);
			path = "Supporting File";
			sourceTree = "<group>";
		};
		0F7447762BFF507200BF2793 /* View */ = {
			isa = PBXGroup;
			children = (
				0F7447792BFF508D00BF2793 /* Launch */,
				0F8F1E112C03597700E6C27B /* Utility */,
				0F74477A2BFF509F00BF2793 /* Screen */,
				0F04D48F2C061F0A006E8D20 /* Cell */,
			);
			path = View;
			sourceTree = "<group>";
		};
		0F7447772BFF507D00BF2793 /* ViewModel */ = {
			isa = PBXGroup;
			children = (
				0F74477D2BFF50E100BF2793 /* FriendViewModel.swift */,
				0F9DABB02C09CA3E008808A1 /* FriendTableViewHeaderViewModel.swift */,
			);
			path = ViewModel;
			sourceTree = "<group>";
		};
		0F7447782BFF508100BF2793 /* Model */ = {
			isa = PBXGroup;
			children = (
				0F04D49A2C0639BB006E8D20 /* Models */,
				0F04D4972C062562006E8D20 /* Manager */,
				0FDD877B2C025024001D4ADF /* Extension */,
				0F04D49E2C070471006E8D20 /* Content.swift */,
			);
			path = Model;
			sourceTree = "<group>";
		};
		0F7447792BFF508D00BF2793 /* Launch */ = {
			isa = PBXGroup;
			children = (
				0F7447642BFF3E0400BF2793 /* LaunchScreen.storyboard */,
			);
			path = Launch;
			sourceTree = "<group>";
		};
		0F74477A2BFF509F00BF2793 /* Screen */ = {
			isa = PBXGroup;
			children = (
				0F04D4A12C070CBC006E8D20 /* SelectStateViewController.swift */,
				0F74475D2BFF3DF900BF2793 /* FriendViewController.swift */,
				0F74477B2BFF50DC00BF2793 /* FriendView.swift */,
			);
			path = Screen;
			sourceTree = "<group>";
		};
		0F8F1E112C03597700E6C27B /* Utility */ = {
			isa = PBXGroup;
			children = (
				0F5DCA582C03A86D00EC99D8 /* BadgeView.swift */,
				0FCC70A82C04F5D300C0FC9F /* PaddingLabel.swift */,
				0F04D48D2C05A67C006E8D20 /* NoFriendView.swift */,
			);
			path = Utility;
			sourceTree = "<group>";
		};
		0FDD877B2C025024001D4ADF /* Extension */ = {
			isa = PBXGroup;
			children = (
				0FDD877C2C025039001D4ADF /* UIColor+.swift */,
				0FDD877E2C025150001D4ADF /* UIView+.swift */,
			);
			path = Extension;
			sourceTree = "<group>";
		};
/* End PBXGroup section */

/* Begin PBXNativeTarget section */
		0F7447552BFF3DF900BF2793 /* Koko */ = {
			isa = PBXNativeTarget;
			buildConfigurationList = 0F74476A2BFF3E0400BF2793 /* Build configuration list for PBXNativeTarget "Koko" */;
			buildPhases = (
				0F7447522BFF3DF900BF2793 /* Sources */,
				0F7447532BFF3DF900BF2793 /* Frameworks */,
				0F7447542BFF3DF900BF2793 /* Resources */,
			);
			buildRules = (
			);
			dependencies = (
			);
			name = Koko;
			packageProductDependencies = (
				0F74476E2BFF3EFD00BF2793 /* SnapKit */,
				0F7447702BFF3EFD00BF2793 /* SnapKit-Dynamic */,
				0F7447732BFF3F0500BF2793 /* CombineCocoa */,
			);
			productName = Koko;
			productReference = 0F7447562BFF3DF900BF2793 /* Koko.app */;
			productType = "com.apple.product-type.application";
		};
/* End PBXNativeTarget section */

/* Begin PBXProject section */
		0F74474E2BFF3DF900BF2793 /* Project object */ = {
			isa = PBXProject;
			attributes = {
				BuildIndependentTargetsInParallel = 1;
				LastSwiftUpdateCheck = 1500;
				LastUpgradeCheck = 1500;
				TargetAttributes = {
					0F7447552BFF3DF900BF2793 = {
						CreatedOnToolsVersion = 15.0;
					};
				};
			};
			buildConfigurationList = 0F7447512BFF3DF900BF2793 /* Build configuration list for PBXProject "Koko" */;
			compatibilityVersion = "Xcode 14.0";
			developmentRegion = en;
			hasScannedForEncodings = 0;
			knownRegions = (
				en,
				Base,
			);
			mainGroup = 0F74474D2BFF3DF900BF2793;
			packageReferences = (
				0F74476D2BFF3EFD00BF2793 /* XCRemoteSwiftPackageReference "SnapKit" */,
				0F7447722BFF3F0500BF2793 /* XCRemoteSwiftPackageReference "CombineCocoa" */,
			);
			productRefGroup = 0F7447572BFF3DF900BF2793 /* Products */;
			projectDirPath = "";
			projectRoot = "";
			targets = (
				0F7447552BFF3DF900BF2793 /* Koko */,
			);
		};
/* End PBXProject section */

/* Begin PBXResourcesBuildPhase section */
		0F7447542BFF3DF900BF2793 /* Resources */ = {
			isa = PBXResourcesBuildPhase;
			buildActionMask = 2147483647;
			files = (
				0F7447662BFF3E0400BF2793 /* LaunchScreen.storyboard in Resources */,
				0F8F1E102C0257BA00E6C27B /* PingFangTC-Regular.otf in Resources */,
				0F8F1E0E2C02562400E6C27B /* PingFangTC-Medium.otf in Resources */,
				0F7447632BFF3E0400BF2793 /* Assets.xcassets in Resources */,
			);
			runOnlyForDeploymentPostprocessing = 0;
		};
/* End PBXResourcesBuildPhase section */

/* Begin PBXSourcesBuildPhase section */
		0F7447522BFF3DF900BF2793 /* Sources */ = {
			isa = PBXSourcesBuildPhase;
			buildActionMask = 2147483647;
			files = (
				0F74477E2BFF50E100BF2793 /* FriendViewModel.swift in Sources */,
				0F04D4A62C08860B006E8D20 /* FriendTableViewHeader.swift in Sources */,
				0F9DABAF2C09A70A008808A1 /* FriendTableViewCellWithStatus2.swift in Sources */,
				0F9DABB12C09CA3E008808A1 /* FriendTableViewHeaderViewModel.swift in Sources */,
				0F74475E2BFF3DF900BF2793 /* FriendViewController.swift in Sources */,
				0F04D48E2C05A67C006E8D20 /* NoFriendView.swift in Sources */,
				0F04D4922C061F2D006E8D20 /* FriendTableViewCellWithStatus1.swift in Sources */,
				0F04D49C2C0639C4006E8D20 /* User.swift in Sources */,
				0F74475A2BFF3DF900BF2793 /* AppDelegate.swift in Sources */,
				0F04D4A22C070CBC006E8D20 /* SelectStateViewController.swift in Sources */,
				0FDD877F2C025150001D4ADF /* UIView+.swift in Sources */,
				0F04D4942C061F38006E8D20 /* InviteTableViewCell.swift in Sources */,
				0F04D4A42C073BCD006E8D20 /* Friends.swift in Sources */,
				0F74477C2BFF50DC00BF2793 /* FriendView.swift in Sources */,
				0F5DCA592C03A86D00EC99D8 /* BadgeView.swift in Sources */,
				0F74475C2BFF3DF900BF2793 /* SceneDelegate.swift in Sources */,
				0F04D4992C06256B006E8D20 /* APIManager.swift in Sources */,
				0FDD877D2C025039001D4ADF /* UIColor+.swift in Sources */,
				0F04D49F2C070471006E8D20 /* Content.swift in Sources */,
				0FCC70A92C04F5D300C0FC9F /* PaddingLabel.swift in Sources */,
			);
			runOnlyForDeploymentPostprocessing = 0;
		};
/* End PBXSourcesBuildPhase section */

/* Begin PBXVariantGroup section */
		0F7447642BFF3E0400BF2793 /* LaunchScreen.storyboard */ = {
			isa = PBXVariantGroup;
			children = (
				0F7447652BFF3E0400BF2793 /* Base */,
			);
			name = LaunchScreen.storyboard;
			sourceTree = "<group>";
		};
/* End PBXVariantGroup section */

/* Begin XCBuildConfiguration section */
		0F7447682BFF3E0400BF2793 /* Debug */ = {
			isa = XCBuildConfiguration;
			buildSettings = {
				ALWAYS_SEARCH_USER_PATHS = NO;
				ASSETCATALOG_COMPILER_GENERATE_SWIFT_ASSET_SYMBOL_EXTENSIONS = YES;
				CLANG_ANALYZER_NONNULL = YES;
				CLANG_ANALYZER_NUMBER_OBJECT_CONVERSION = YES_AGGRESSIVE;
				CLANG_CXX_LANGUAGE_STANDARD = "gnu++20";
				CLANG_ENABLE_MODULES = YES;
				CLANG_ENABLE_OBJC_ARC = YES;
				CLANG_ENABLE_OBJC_WEAK = YES;
				CLANG_WARN_BLOCK_CAPTURE_AUTORELEASING = YES;
				CLANG_WARN_BOOL_CONVERSION = YES;
				CLANG_WARN_COMMA = YES;
				CLANG_WARN_CONSTANT_CONVERSION = YES;
				CLANG_WARN_DEPRECATED_OBJC_IMPLEMENTATIONS = YES;
				CLANG_WARN_DIRECT_OBJC_ISA_USAGE = YES_ERROR;
				CLANG_WARN_DOCUMENTATION_COMMENTS = YES;
				CLANG_WARN_EMPTY_BODY = YES;
				CLANG_WARN_ENUM_CONVERSION = YES;
				CLANG_WARN_INFINITE_RECURSION = YES;
				CLANG_WARN_INT_CONVERSION = YES;
				CLANG_WARN_NON_LITERAL_NULL_CONVERSION = YES;
				CLANG_WARN_OBJC_IMPLICIT_RETAIN_SELF = YES;
				CLANG_WARN_OBJC_LITERAL_CONVERSION = YES;
				CLANG_WARN_OBJC_ROOT_CLASS = YES_ERROR;
				CLANG_WARN_QUOTED_INCLUDE_IN_FRAMEWORK_HEADER = YES;
				CLANG_WARN_RANGE_LOOP_ANALYSIS = YES;
				CLANG_WARN_STRICT_PROTOTYPES = YES;
				CLANG_WARN_SUSPICIOUS_MOVE = YES;
				CLANG_WARN_UNGUARDED_AVAILABILITY = YES_AGGRESSIVE;
				CLANG_WARN_UNREACHABLE_CODE = YES;
				CLANG_WARN__DUPLICATE_METHOD_MATCH = YES;
				COPY_PHASE_STRIP = NO;
				DEBUG_INFORMATION_FORMAT = dwarf;
				ENABLE_STRICT_OBJC_MSGSEND = YES;
				ENABLE_TESTABILITY = YES;
				ENABLE_USER_SCRIPT_SANDBOXING = YES;
				GCC_C_LANGUAGE_STANDARD = gnu17;
				GCC_DYNAMIC_NO_PIC = NO;
				GCC_NO_COMMON_BLOCKS = YES;
				GCC_OPTIMIZATION_LEVEL = 0;
				GCC_PREPROCESSOR_DEFINITIONS = (
					"DEBUG=1",
					"$(inherited)",
				);
				GCC_WARN_64_TO_32_BIT_CONVERSION = YES;
				GCC_WARN_ABOUT_RETURN_TYPE = YES_ERROR;
				GCC_WARN_UNDECLARED_SELECTOR = YES;
				GCC_WARN_UNINITIALIZED_AUTOS = YES_AGGRESSIVE;
				GCC_WARN_UNUSED_FUNCTION = YES;
				GCC_WARN_UNUSED_VARIABLE = YES;
				IPHONEOS_DEPLOYMENT_TARGET = 17.0;
				LOCALIZATION_PREFERS_STRING_CATALOGS = YES;
				MTL_ENABLE_DEBUG_INFO = INCLUDE_SOURCE;
				MTL_FAST_MATH = YES;
				ONLY_ACTIVE_ARCH = YES;
				SDKROOT = iphoneos;
				SWIFT_ACTIVE_COMPILATION_CONDITIONS = "DEBUG $(inherited)";
				SWIFT_OPTIMIZATION_LEVEL = "-Onone";
			};
			name = Debug;
		};
		0F7447692BFF3E0400BF2793 /* Release */ = {
			isa = XCBuildConfiguration;
			buildSettings = {
				ALWAYS_SEARCH_USER_PATHS = NO;
				ASSETCATALOG_COMPILER_GENERATE_SWIFT_ASSET_SYMBOL_EXTENSIONS = YES;
				CLANG_ANALYZER_NONNULL = YES;
				CLANG_ANALYZER_NUMBER_OBJECT_CONVERSION = YES_AGGRESSIVE;
				CLANG_CXX_LANGUAGE_STANDARD = "gnu++20";
				CLANG_ENABLE_MODULES = YES;
				CLANG_ENABLE_OBJC_ARC = YES;
				CLANG_ENABLE_OBJC_WEAK = YES;
				CLANG_WARN_BLOCK_CAPTURE_AUTORELEASING = YES;
				CLANG_WARN_BOOL_CONVERSION = YES;
				CLANG_WARN_COMMA = YES;
				CLANG_WARN_CONSTANT_CONVERSION = YES;
				CLANG_WARN_DEPRECATED_OBJC_IMPLEMENTATIONS = YES;
				CLANG_WARN_DIRECT_OBJC_ISA_USAGE = YES_ERROR;
				CLANG_WARN_DOCUMENTATION_COMMENTS = YES;
				CLANG_WARN_EMPTY_BODY = YES;
				CLANG_WARN_ENUM_CONVERSION = YES;
				CLANG_WARN_INFINITE_RECURSION = YES;
				CLANG_WARN_INT_CONVERSION = YES;
				CLANG_WARN_NON_LITERAL_NULL_CONVERSION = YES;
				CLANG_WARN_OBJC_IMPLICIT_RETAIN_SELF = YES;
				CLANG_WARN_OBJC_LITERAL_CONVERSION = YES;
				CLANG_WARN_OBJC_ROOT_CLASS = YES_ERROR;
				CLANG_WARN_QUOTED_INCLUDE_IN_FRAMEWORK_HEADER = YES;
				CLANG_WARN_RANGE_LOOP_ANALYSIS = YES;
				CLANG_WARN_STRICT_PROTOTYPES = YES;
				CLANG_WARN_SUSPICIOUS_MOVE = YES;
				CLANG_WARN_UNGUARDED_AVAILABILITY = YES_AGGRESSIVE;
				CLANG_WARN_UNREACHABLE_CODE = YES;
				CLANG_WARN__DUPLICATE_METHOD_MATCH = YES;
				COPY_PHASE_STRIP = NO;
				DEBUG_INFORMATION_FORMAT = "dwarf-with-dsym";
				ENABLE_NS_ASSERTIONS = NO;
				ENABLE_STRICT_OBJC_MSGSEND = YES;
				ENABLE_USER_SCRIPT_SANDBOXING = YES;
				GCC_C_LANGUAGE_STANDARD = gnu17;
				GCC_NO_COMMON_BLOCKS = YES;
				GCC_WARN_64_TO_32_BIT_CONVERSION = YES;
				GCC_WARN_ABOUT_RETURN_TYPE = YES_ERROR;
				GCC_WARN_UNDECLARED_SELECTOR = YES;
				GCC_WARN_UNINITIALIZED_AUTOS = YES_AGGRESSIVE;
				GCC_WARN_UNUSED_FUNCTION = YES;
				GCC_WARN_UNUSED_VARIABLE = YES;
				IPHONEOS_DEPLOYMENT_TARGET = 17.0;
				LOCALIZATION_PREFERS_STRING_CATALOGS = YES;
				MTL_ENABLE_DEBUG_INFO = NO;
				MTL_FAST_MATH = YES;
				SDKROOT = iphoneos;
				SWIFT_COMPILATION_MODE = wholemodule;
				VALIDATE_PRODUCT = YES;
			};
			name = Release;
		};
		0F74476B2BFF3E0400BF2793 /* Debug */ = {
			isa = XCBuildConfiguration;
			buildSettings = {
				ASSETCATALOG_COMPILER_APPICON_NAME = AppIcon;
				ASSETCATALOG_COMPILER_GLOBAL_ACCENT_COLOR_NAME = AccentColor;
				CODE_SIGN_IDENTITY = "Apple Development";
				CODE_SIGN_STYLE = Automatic;
				CURRENT_PROJECT_VERSION = 1;
				DEVELOPMENT_TEAM = B9VFL264JH;
				GENERATE_INFOPLIST_FILE = YES;
				INFOPLIST_FILE = "Koko/Supporting File/Info.plist";
				INFOPLIST_KEY_UIApplicationSupportsIndirectInputEvents = YES;
				INFOPLIST_KEY_UILaunchStoryboardName = LaunchScreen;
				INFOPLIST_KEY_UISupportedInterfaceOrientations = UIInterfaceOrientationPortrait;
				INFOPLIST_KEY_UISupportedInterfaceOrientations_iPad = "UIInterfaceOrientationPortrait UIInterfaceOrientationPortraitUpsideDown";
				IPHONEOS_DEPLOYMENT_TARGET = 14.0;
				LD_RUNPATH_SEARCH_PATHS = (
					"$(inherited)",
					"@executable_path/Frameworks",
				);
				MARKETING_VERSION = 1.0;
				PRODUCT_BUNDLE_IDENTIFIER = com.Koko;
				PRODUCT_NAME = "$(TARGET_NAME)";
				PROVISIONING_PROFILE_SPECIFIER = "";
				SWIFT_EMIT_LOC_STRINGS = YES;
				SWIFT_VERSION = 5.0;
				TARGETED_DEVICE_FAMILY = "1,2";
			};
			name = Debug;
		};
		0F74476C2BFF3E0400BF2793 /* Release */ = {
			isa = XCBuildConfiguration;
			buildSettings = {
				ASSETCATALOG_COMPILER_APPICON_NAME = AppIcon;
				ASSETCATALOG_COMPILER_GLOBAL_ACCENT_COLOR_NAME = AccentColor;
				CODE_SIGN_IDENTITY = "Apple Development";
				CODE_SIGN_STYLE = Automatic;
				CURRENT_PROJECT_VERSION = 1;
				DEVELOPMENT_TEAM = B9VFL264JH;
				GENERATE_INFOPLIST_FILE = YES;
				INFOPLIST_FILE = "Koko/Supporting File/Info.plist";
				INFOPLIST_KEY_UIApplicationSupportsIndirectInputEvents = YES;
				INFOPLIST_KEY_UILaunchStoryboardName = LaunchScreen;
				INFOPLIST_KEY_UISupportedInterfaceOrientations = UIInterfaceOrientationPortrait;
				INFOPLIST_KEY_UISupportedInterfaceOrientations_iPad = "UIInterfaceOrientationPortrait UIInterfaceOrientationPortraitUpsideDown";
				IPHONEOS_DEPLOYMENT_TARGET = 14.0;
				LD_RUNPATH_SEARCH_PATHS = (
					"$(inherited)",
					"@executable_path/Frameworks",
				);
				MARKETING_VERSION = 1.0;
				PRODUCT_BUNDLE_IDENTIFIER = com.Koko;
				PRODUCT_NAME = "$(TARGET_NAME)";
				PROVISIONING_PROFILE_SPECIFIER = "";
				SWIFT_EMIT_LOC_STRINGS = YES;
				SWIFT_VERSION = 5.0;
				TARGETED_DEVICE_FAMILY = "1,2";
			};
			name = Release;
		};
/* End XCBuildConfiguration section */

/* Begin XCConfigurationList section */
		0F7447512BFF3DF900BF2793 /* Build configuration list for PBXProject "Koko" */ = {
			isa = XCConfigurationList;
			buildConfigurations = (
				0F7447682BFF3E0400BF2793 /* Debug */,
				0F7447692BFF3E0400BF2793 /* Release */,
			);
			defaultConfigurationIsVisible = 0;
			defaultConfigurationName = Release;
		};
		0F74476A2BFF3E0400BF2793 /* Build configuration list for PBXNativeTarget "Koko" */ = {
			isa = XCConfigurationList;
			buildConfigurations = (
				0F74476B2BFF3E0400BF2793 /* Debug */,
				0F74476C2BFF3E0400BF2793 /* Release */,
			);
			defaultConfigurationIsVisible = 0;
			defaultConfigurationName = Release;
		};
/* End XCConfigurationList section */

/* Begin XCRemoteSwiftPackageReference section */
		0F74476D2BFF3EFD00BF2793 /* XCRemoteSwiftPackageReference "SnapKit" */ = {
			isa = XCRemoteSwiftPackageReference;
			repositoryURL = "https://github.com/SnapKit/SnapKit.git";
			requirement = {
				kind = upToNextMajorVersion;
				minimumVersion = 5.7.1;
			};
		};
		0F7447722BFF3F0500BF2793 /* XCRemoteSwiftPackageReference "CombineCocoa" */ = {
			isa = XCRemoteSwiftPackageReference;
			repositoryURL = "https://github.com/CombineCommunity/CombineCocoa";
			requirement = {
				kind = upToNextMajorVersion;
				minimumVersion = 0.4.1;
			};
		};
/* End XCRemoteSwiftPackageReference section */

/* Begin XCSwiftPackageProductDependency section */
		0F74476E2BFF3EFD00BF2793 /* SnapKit */ = {
			isa = XCSwiftPackageProductDependency;
			package = 0F74476D2BFF3EFD00BF2793 /* XCRemoteSwiftPackageReference "SnapKit" */;
			productName = SnapKit;
		};
		0F7447702BFF3EFD00BF2793 /* SnapKit-Dynamic */ = {
			isa = XCSwiftPackageProductDependency;
			package = 0F74476D2BFF3EFD00BF2793 /* XCRemoteSwiftPackageReference "SnapKit" */;
			productName = "SnapKit-Dynamic";
		};
		0F7447732BFF3F0500BF2793 /* CombineCocoa */ = {
			isa = XCSwiftPackageProductDependency;
			package = 0F7447722BFF3F0500BF2793 /* XCRemoteSwiftPackageReference "CombineCocoa" */;
			productName = CombineCocoa;
		};
/* End XCSwiftPackageProductDependency section */
	};
	rootObject = 0F74474E2BFF3DF900BF2793 /* Project object */;
}
